
Microsoft Visual Studio Solution File, Format Version 12.00
# Visual Studio Version 16
VisualStudioVersion = 16.0.31515.178
MinimumVisualStudioVersion = 10.0.40219.1
Project("{FAE04EC0-301F-11D3-BF4B-00C04F79EFBC}") = "QLNH_WebAPIs", "QLNH_WebAPIs\QLNH_WebAPIs.csproj", "{3F21E483-4927-4B0E-B537-D12EB582047D}"
EndProject
Global
	GlobalSection(SolutionConfigurationPlatforms) = preSolution
		Debug|Any CPU = Debug|Any CPU
		Release|Any CPU = Release|Any CPU
	EndGlobalSection
	GlobalSection(ProjectConfigurationPlatforms) = postSolution
		{3F21E483-4927-4B0E-B537-D12EB582047D}.Debug|Any CPU.ActiveCfg = Debug|Any CPU
		{3F21E483-4927-4B0E-B537-D12EB582047D}.Debug|Any CPU.Build.0 = Debug|Any CPU
		{3F21E483-4927-4B0E-B537-D12EB582047D}.Release|Any CPU.ActiveCfg = Release|Any CPU
		{3F21E483-4927-4B0E-B537-D12EB582047D}.Release|Any CPU.Build.0 = Release|Any CPU
	EndGlobalSection
	GlobalSection(SolutionProperties) = preSolution
		HideSolutionNode = FALSE
	EndGlobalSection
	GlobalSection(ExtensibilityGlobals) = postSolution
		SolutionGuid = {3FF45CEB-9D9B-4245-BA1A-87188B75FB00}
	EndGlobalSection
EndGlobal
